Microsoft Visual Studio Solution File, Format Version 12.00
# Visual Studio Version 17
VisualStudioVersion = 17.5.2.0
MinimumVisualStudioVersion = 10.0.40219.1
Project("{FAE04EC0-301F-11D3-BF4B-00C04F79EFBC}") = "HttpClient", "HttpClient.csproj", "{6F1A0229-004C-54FF-5EDA-181C12D46CBE}"
EndProject
Global
	GlobalSection(SolutionConfigurationPlatforms) = preSolution
		Debug|Any CPU = Debug|Any CPU
		Release|Any CPU = Release|Any CPU
	EndGlobalSection
	GlobalSection(ProjectConfigurationPlatforms) = postSolution
		{6F1A0229-004C-54FF-5EDA-181C12D46CBE}.Debug|Any CPU.ActiveCfg = Debug|Any CPU
		{6F1A0229-004C-54FF-5EDA-181C12D46CBE}.Debug|Any CPU.Build.0 = Debug|Any CPU
		{6F1A0229-004C-54FF-5EDA-181C12D46CBE}.Release|Any CPU.ActiveCfg = Release|Any CPU
		{6F1A0229-004C-54FF-5EDA-181C12D46CBE}.Release|Any CPU.Build.0 = Release|Any CPU
	EndGlobalSection
	GlobalSection(SolutionProperties) = preSolution
		HideSolutionNode = FALSE
	EndGlobalSection
	GlobalSection(ExtensibilityGlobals) = postSolution
		SolutionGuid = {044AAC06-3288-410B-8E4F-C3EE22156954}
	EndGlobalSection
EndGlobal
