Microsoft Visual Studio Solution File, Format Version 12.00
# Visual Studio Version 17
VisualStudioVersion = 17.5.2.0
MinimumVisualStudioVersion = 10.0.40219.1
Project("{FAE04EC0-301F-11D3-BF4B-00C04F79EFBC}") = "Protocol", "Protocol.csproj", "{A17515F1-9C07-F34C-39D6-8A39D6BBE80F}"
EndProject
Global
	GlobalSection(SolutionConfigurationPlatforms) = preSolution
		Debug|Any CPU = Debug|Any CPU
		Release|Any CPU = Release|Any CPU
	EndGlobalSection
	GlobalSection(ProjectConfigurationPlatforms) = postSolution
		{A17515F1-9C07-F34C-39D6-8A39D6BBE80F}.Debug|Any CPU.ActiveCfg = Debug|Any CPU
		{A17515F1-9C07-F34C-39D6-8A39D6BBE80F}.Debug|Any CPU.Build.0 = Debug|Any CPU
		{A17515F1-9C07-F34C-39D6-8A39D6BBE80F}.Release|Any CPU.ActiveCfg = Release|Any CPU
		{A17515F1-9C07-F34C-39D6-8A39D6BBE80F}.Release|Any CPU.Build.0 = Release|Any CPU
	EndGlobalSection
	GlobalSection(SolutionProperties) = preSolution
		HideSolutionNode = FALSE
	EndGlobalSection
	GlobalSection(ExtensibilityGlobals) = postSolution
		SolutionGuid = {791E8E4B-82F2-437A-AAEA-C05E0918AB5E}
	EndGlobalSection
EndGlobal
